<?xml version="1.0" encoding="UTF-8" standalone="yes" ?>
<CodeBlocks_project_file>
	<FileVersion major="1" minor="6" />
	<Project>
		<Option title="tmpTryThreads" />
		<Option pch_mode="2" />
		<Option compiler="gcc" />
		<Build>
			<Target title="Debug">
				<Option output="bin\Debug\tmpTryThreads" prefix_auto="1" extension_auto="1" />
				<Option object_output="obj\Debug\" />
				<Option type="1" />
				<Option compiler="gcc" />
				<Compiler>
					<Add option="-Wextra" />
					<Add option="-Wall" />
					<Add option="-g" />
				</Compiler>
			</Target>
			<Target title="Release">
				<Option output="bin\Release\tmpTryThreads" prefix_auto="1" extension_auto="1" />
				<Option object_output="obj\Release\" />
				<Option type="1" />
				<Option compiler="gcc" />
				<Compiler>
					<Add option="-O2" />
				</Compiler>
				<Linker>
					<Add option="-s" />
				</Linker>
			</Target>
		</Build>
		<Compiler>
			<Add option="-Wall" />
			<Add option="-fexceptions" />
		</Compiler>
		<Unit filename="AssocSearch.cpp" />
		<Unit filename="AssocSearch.h" />
		<Unit filename="AutoResetEvent.cpp" />
		<Unit filename="AutoResetEvent.h" />
		<Unit filename="ManualResetEvent.cpp" />
		<Unit filename="ManualResetEvent.h" />
		<Unit filename="Mutex.cpp" />
		<Unit filename="Mutex.h" />
		<Unit filename="Synchronize.cpp" />
		<Unit filename="Synchronize.h" />
		<Unit filename="TestAssocSearch.h" />
		<Unit filename="TestSynchronize.h" />
		<Unit filename="WinapiException.cpp" />
		<Unit filename="WinapiException.h" />
		<Unit filename="main.cpp" />
		<Unit filename="..\Logger\Logger.cpp" />
		<Unit filename="..\Logger\Logger.h" />
		<Extensions>
			<code_completion />
			<envvars />
			<debugger />
			<lib_finder disable_auto="1" />
		</Extensions>
	</Project>
</CodeBlocks_project_file>
