<?xml version="1.0" encoding="UTF-8" standalone="yes" ?>
<CodeBlocks_project_file>
	<FileVersion major="1" minor="6" />
	<Project>
		<Option title="CacheMemory" />
		<Option pch_mode="2" />
		<Option compiler="gcc" />
		<Option virtualFolders="Utilites\;Utilites\Random\;Utilites\Request\;Utilites\Logger\;Memory\;Memory\Cache\;Main\;AssocSearch\;AssocSearch\Syncronization\;" />
		<Build>
			<Target title="Debug">
				<Option output="bin\Debug\CacheMemory" prefix_auto="1" extension_auto="1" />
				<Option object_output="obj\Debug\" />
				<Option type="1" />
				<Option compiler="gcc" />
				<Compiler>
					<Add option="-Wextra" />
					<Add option="-Wall" />
					<Add option="-g" />
					<Add option="-D__DEBUG__" />
					<Add directory="..\GraphViewer\include" />
				</Compiler>
				<Linker>
					<Add library="..\GraphViewer\lib\Graph.a" />
					<Add directory="Logger" />
					<Add directory="Logger\obj\Debug" />
				</Linker>
			</Target>
			<Target title="Release">
				<Option output="bin\Release\CacheMemory" prefix_auto="1" extension_auto="1" />
				<Option object_output="obj\Release\" />
				<Option type="1" />
				<Option compiler="gcc" />
				<Compiler>
					<Add option="-O2" />
				</Compiler>
				<Linker>
					<Add option="-s" />
				</Linker>
			</Target>
		</Build>
		<Compiler>
			<Add option="-Wall" />
			<Add option="-fexceptions" />
		</Compiler>
		<Unit filename="AbstractMemory.cpp">
			<Option virtualFolder="Memory\" />
		</Unit>
		<Unit filename="AbstractMemory.h">
			<Option virtualFolder="Memory\" />
		</Unit>
		<Unit filename="AssocSearch.cpp">
			<Option virtualFolder="AssocSearch\" />
		</Unit>
		<Unit filename="AssocSearch.h">
			<Option virtualFolder="AssocSearch\" />
		</Unit>
		<Unit filename="AutoResetEvent.cpp">
			<Option virtualFolder="AssocSearch\Syncronization\" />
		</Unit>
		<Unit filename="AutoResetEvent.h">
			<Option virtualFolder="AssocSearch\Syncronization\" />
		</Unit>
		<Unit filename="CacheGroup.cpp">
			<Option virtualFolder="Memory\Cache\" />
		</Unit>
		<Unit filename="CacheGroup.h">
			<Option virtualFolder="Memory\Cache\" />
		</Unit>
		<Unit filename="CachedMemory.cpp">
			<Option virtualFolder="Memory\Cache\" />
		</Unit>
		<Unit filename="CachedMemory.h">
			<Option virtualFolder="Memory\Cache\" />
		</Unit>
		<Unit filename="CachedMemoryMeasuring.cpp">
			<Option virtualFolder="Main\" />
		</Unit>
		<Unit filename="CachedMemoryMeasuring.h">
			<Option virtualFolder="Main\" />
		</Unit>
		<Unit filename="CachedMemoryTest.cpp">
			<Option virtualFolder="Main\" />
		</Unit>
		<Unit filename="CachedMemoryTest.h">
			<Option virtualFolder="Main\" />
		</Unit>
		<Unit filename="CategoricalRequests.cpp">
			<Option virtualFolder="Utilites\Request\" />
		</Unit>
		<Unit filename="CategoricalRequests.h">
			<Option virtualFolder="Utilites\Request\" />
		</Unit>
		<Unit filename="CountedMemory.cpp">
			<Option virtualFolder="Memory\" />
		</Unit>
		<Unit filename="CountedMemory.h">
			<Option virtualFolder="Memory\" />
		</Unit>
		<Unit filename="Distribution.h">
			<Option virtualFolder="Utilites\Random\" />
		</Unit>
		<Unit filename="Logger.cpp">
			<Option virtualFolder="Utilites\Logger\" />
		</Unit>
		<Unit filename="Logger.h">
			<Option virtualFolder="Utilites\Logger\" />
		</Unit>
		<Unit filename="ManualResetEvent.cpp">
			<Option virtualFolder="AssocSearch\Syncronization\" />
		</Unit>
		<Unit filename="ManualResetEvent.h">
			<Option virtualFolder="AssocSearch\Syncronization\" />
		</Unit>
		<Unit filename="ManualTesting.cpp">
			<Option virtualFolder="Main\" />
		</Unit>
		<Unit filename="ManualTesting.h">
			<Option virtualFolder="Main\" />
		</Unit>
		<Unit filename="MemRequest.cpp">
			<Option virtualFolder="Utilites\Request\" />
		</Unit>
		<Unit filename="MemRequest.h">
			<Option virtualFolder="Utilites\Request\" />
		</Unit>
		<Unit filename="Mutex.cpp">
			<Option virtualFolder="AssocSearch\Syncronization\" />
		</Unit>
		<Unit filename="Mutex.h">
			<Option virtualFolder="AssocSearch\Syncronization\" />
		</Unit>
		<Unit filename="NormalDistribution.cpp">
			<Option virtualFolder="Utilites\Random\" />
		</Unit>
		<Unit filename="NormalDistribution.h">
			<Option virtualFolder="Utilites\Random\" />
		</Unit>
		<Unit filename="ParetoDistribution.cpp">
			<Option virtualFolder="Utilites\Random\" />
		</Unit>
		<Unit filename="ParetoDistribution.h">
			<Option virtualFolder="Utilites\Random\" />
		</Unit>
		<Unit filename="ParetoRequests.cpp">
			<Option virtualFolder="Utilites\Request\" />
		</Unit>
		<Unit filename="ParetoRequests.h">
			<Option virtualFolder="Utilites\Request\" />
		</Unit>
		<Unit filename="PhysicalMemory.cpp">
			<Option virtualFolder="Memory\" />
		</Unit>
		<Unit filename="PhysicalMemory.h">
			<Option virtualFolder="Memory\" />
		</Unit>
		<Unit filename="Random.cpp">
			<Option virtualFolder="Utilites\Random\" />
		</Unit>
		<Unit filename="Random.h">
			<Option virtualFolder="Utilites\Random\" />
		</Unit>
		<Unit filename="RequestGenerator.h">
			<Option virtualFolder="Utilites\Request\" />
		</Unit>
		<Unit filename="StreamMemory.cpp">
			<Option virtualFolder="Memory\" />
		</Unit>
		<Unit filename="StreamMemory.h">
			<Option virtualFolder="Memory\" />
		</Unit>
		<Unit filename="Synchronize.cpp">
			<Option virtualFolder="AssocSearch\" />
		</Unit>
		<Unit filename="Synchronize.h">
			<Option virtualFolder="AssocSearch\" />
		</Unit>
		<Unit filename="UniformDistribution.cpp">
			<Option virtualFolder="Utilites\Random\" />
		</Unit>
		<Unit filename="UniformDistribution.h">
			<Option virtualFolder="Utilites\Random\" />
		</Unit>
		<Unit filename="UniformRequests.cpp">
			<Option virtualFolder="Utilites\Request\" />
		</Unit>
		<Unit filename="UniformRequests.h">
			<Option virtualFolder="Utilites\Request\" />
		</Unit>
		<Unit filename="WinapiException.cpp">
			<Option virtualFolder="AssocSearch\" />
		</Unit>
		<Unit filename="WinapiException.h">
			<Option virtualFolder="AssocSearch\" />
		</Unit>
		<Unit filename="assiciativeSearch.hpp">
			<Option virtualFolder="Memory\Cache\" />
		</Unit>
		<Unit filename="main.cpp">
			<Option virtualFolder="Main\" />
		</Unit>
		<Extensions>
			<code_completion />
			<envvars />
			<debugger />
			<lib_finder disable_auto="1" />
		</Extensions>
	</Project>
</CodeBlocks_project_file>
